
Microsoft Visual Studio Solution File, Format Version 12.00
# Visual Studio Version 17
VisualStudioVersion = 17.0.31903.59
MinimumVisualStudioVersion = 10.0.40219.1
Project("{FAE04EC0-301F-11D3-BF4B-00C04F79EFBC}") = "Domain", "Domain\Domain.csproj", "{948C3BF7-2C1B-4458-B8F4-58F7FA052C77}"
EndProject
Project("{FAE04EC0-301F-11D3-BF4B-00C04F79EFBC}") = "Infrastucture", "Infrastucture\Infrastucture.csproj", "{A87E7C4F-AA82-420A-B232-F35FD96833C3}"
EndProject
Project("{FAE04EC0-301F-11D3-BF4B-00C04F79EFBC}") = "MainApp", "MainApp\MainApp.csproj", "{1475C209-1383-4BEF-B6A7-BFDECEE60049}"
EndProject
Project("{FAE04EC0-301F-11D3-BF4B-00C04F79EFBC}") = "webapi", "WebApi\webapi.csproj", "{4D14E1FF-1EF2-44EA-AB10-36281D6F1041}"
EndProject
Global
	GlobalSection(SolutionConfigurationPlatforms) = preSolution
		Debug|Any CPU = Debug|Any CPU
		Release|Any CPU = Release|Any CPU
	EndGlobalSection
	GlobalSection(SolutionProperties) = preSolution
		HideSolutionNode = FALSE
	EndGlobalSection
	GlobalSection(ProjectConfigurationPlatforms) = postSolution
		{948C3BF7-2C1B-4458-B8F4-58F7FA052C77}.Debug|Any CPU.ActiveCfg = Debug|Any CPU
		{948C3BF7-2C1B-4458-B8F4-58F7FA052C77}.Debug|Any CPU.Build.0 = Debug|Any CPU
		{948C3BF7-2C1B-4458-B8F4-58F7FA052C77}.Release|Any CPU.ActiveCfg = Release|Any CPU
		{948C3BF7-2C1B-4458-B8F4-58F7FA052C77}.Release|Any CPU.Build.0 = Release|Any CPU
		{A87E7C4F-AA82-420A-B232-F35FD96833C3}.Debug|Any CPU.ActiveCfg = Debug|Any CPU
		{A87E7C4F-AA82-420A-B232-F35FD96833C3}.Debug|Any CPU.Build.0 = Debug|Any CPU
		{A87E7C4F-AA82-420A-B232-F35FD96833C3}.Release|Any CPU.ActiveCfg = Release|Any CPU
		{A87E7C4F-AA82-420A-B232-F35FD96833C3}.Release|Any CPU.Build.0 = Release|Any CPU
		{1475C209-1383-4BEF-B6A7-BFDECEE60049}.Debug|Any CPU.ActiveCfg = Debug|Any CPU
		{1475C209-1383-4BEF-B6A7-BFDECEE60049}.Debug|Any CPU.Build.0 = Debug|Any CPU
		{1475C209-1383-4BEF-B6A7-BFDECEE60049}.Release|Any CPU.ActiveCfg = Release|Any CPU
		{1475C209-1383-4BEF-B6A7-BFDECEE60049}.Release|Any CPU.Build.0 = Release|Any CPU
		{4D14E1FF-1EF2-44EA-AB10-36281D6F1041}.Debug|Any CPU.ActiveCfg = Debug|Any CPU
		{4D14E1FF-1EF2-44EA-AB10-36281D6F1041}.Debug|Any CPU.Build.0 = Debug|Any CPU
		{4D14E1FF-1EF2-44EA-AB10-36281D6F1041}.Release|Any CPU.ActiveCfg = Release|Any CPU
		{4D14E1FF-1EF2-44EA-AB10-36281D6F1041}.Release|Any CPU.Build.0 = Release|Any CPU
	EndGlobalSection
EndGlobal
